// !$*UTF8*$!
{
	archiveVersion = 1;
	classes = {
	};
	objectVersion = 48;
	objects = {

/* Begin PBXBuildFile section */
		74CFBC0020B6F62D00850A27 /* AppDelegate.m in Sources */ = {isa = PBXBuildFile; fileRef = 74CFBBFF20B6F62D00850A27 /* AppDelegate.m */; };
		74CFBC0320B6F62D00850A27 /* ViewController.m in Sources */ = {isa = PBXBuildFile; fileRef = 74CFBC0220B6F62D00850A27 /* ViewController.m */; };
		74CFBC0620B6F62D00850A27 /* Main.storyboard in Resources */ = {isa = PBXBuildFile; fileRef = 74CFBC0420B6F62D00850A27 /* Main.storyboard */; };
		74CFBC0820B6F62D00850A27 /* Assets.xcassets in Resources */ = {isa = PBXBuildFile; fileRef = 74CFBC0720B6F62D00850A27 /* Assets.xcassets */; };
		74CFBC0B20B6F62D00850A27 /* LaunchScreen.storyboard in Resources */ = {isa = PBXBuildFile; fileRef = 74CFBC0920B6F62D00850A27 /* LaunchScreen.storyboard */; };
		74CFBC0E20B6F62D00850A27 /* main.m in Sources */ = {isa = PBXBuildFile; fileRef = 74CFBC0D20B6F62D00850A27 /* main.m */; };
		74CFBC1820B6F62D00850A27 /* PlaylistCollectionTests.m in Sources */ = {isa = PBXBuildFile; fileRef = 74CFBC1720B6F62D00850A27 /* PlaylistCollectionTests.m */; };
		74CFBC2320B6F62E00850A27 /* PlaylistCollectionUITests.m in Sources */ = {isa = PBXBuildFile; fileRef = 74CFBC2220B6F62E00850A27 /* PlaylistCollectionUITests.m */; };
/* End PBXBuildFile section */

/* Begin PBXContainerItemProxy section */
		74CFBC1420B6F62D00850A27 /* PBXContainerItemProxy */ = {
			isa = PBXContainerItemProxy;
			containerPortal = 74CFBBF320B6F62D00850A27 /* Project object */;
			proxyType = 1;
			remoteGlobalIDString = 74CFBBFA20B6F62D00850A27;
			remoteInfo = PlaylistCollection;
		};
		74CFBC1F20B6F62E00850A27 /* PBXContainerItemProxy */ = {
			isa = PBXContainerItemProxy;
			containerPortal = 74CFBBF320B6F62D00850A27 /* Project object */;
			proxyType = 1;
			remoteGlobalIDString = 74CFBBFA20B6F62D00850A27;
			remoteInfo = PlaylistCollection;
		};
/* End PBXContainerItemProxy section */

/* Begin PBXFileReference section */
		74CFBBFB20B6F62D00850A27 /* PlaylistCollection.app */ = {isa = PBXFileReference; explicitFileType = wrapper.application; includeInIndex = 0; path = PlaylistCollection.app; sourceTree = BUILT_PRODUCTS_DIR; };
		74CFBBFE20B6F62D00850A27 /* AppDelegate.h */ = {isa = PBXFileReference; lastKnownFileType = sourcecode.c.h; path = AppDelegate.h; sourceTree = "<group>"; };
		74CFBBFF20B6F62D00850A27 /* AppDelegate.m */ = {isa = PBXFileReference; lastKnownFileType = sourcecode.c.objc; path = AppDelegate.m; sourceTree = "<group>"; };
		74CFBC0120B6F62D00850A27 /* ViewController.h */ = {isa = PBXFileReference; lastKnownFileType = sourcecode.c.h; path = ViewController.h; sourceTree = "<group>"; };
		74CFBC0220B6F62D00850A27 /* ViewController.m */ = {isa = PBXFileReference; lastKnownFileType = sourcecode.c.objc; path = ViewController.m; sourceTree = "<group>"; };
		74CFBC0520B6F62D00850A27 /* Base */ = {isa = PBXFileReference; lastKnownFileType = file.storyboard; name = Base; path = Base.lproj/Main.storyboard; sourceTree = "<group>"; };
		74CFBC0720B6F62D00850A27 /* Assets.xcassets */ = {isa = PBXFileReference; lastKnownFileType = folder.assetcatalog; path = Assets.xcassets; sourceTree = "<group>"; };
		74CFBC0A20B6F62D00850A27 /* Base */ = {isa = PBXFileReference; lastKnownFileType = file.storyboard; name = Base; path = Base.lproj/LaunchScreen.storyboard; sourceTree = "<group>"; };
		74CFBC0C20B6F62D00850A27 /* Info.plist */ = {isa = PBXFileReference; lastKnownFileType = text.plist.xml; path = Info.plist; sourceTree = "<group>"; };
		74CFBC0D20B6F62D00850A27 /* main.m */ = {isa = PBXFileReference; lastKnownFileType = sourcecode.c.objc; path = main.m; sourceTree = "<group>"; };
		74CFBC1320B6F62D00850A27 /* PlaylistCollectionTests.xctest */ = {isa = PBXFileReference; explicitFileType = wrapper.cfbundle; includeInIndex = 0; path = PlaylistCollectionTests.xctest; sourceTree = BUILT_PRODUCTS_DIR; };
		74CFBC1720B6F62D00850A27 /* PlaylistCollectionTests.m */ = {isa = PBXFileReference; lastKnownFileType = sourcecode.c.objc; path = PlaylistCollectionTests.m; sourceTree = "<group>"; };
		74CFBC1920B6F62D00850A27 /* Info.plist */ = {isa = PBXFileReference; lastKnownFileType = text.plist.xml; path = Info.plist; sourceTree = "<group>"; };
		74CFBC1E20B6F62E00850A27 /* PlaylistCollectionUITests.xctest */ = {isa = PBXFileReference; explicitFileType = wrapper.cfbundle; includeInIndex = 0; path = PlaylistCollectionUITests.xctest; sourceTree = BUILT_PRODUCTS_DIR; };
		74CFBC2220B6F62E00850A27 /* PlaylistCollectionUITests.m */ = {isa = PBXFileReference; lastKnownFileType = sourcecode.c.objc; path = PlaylistCollectionUITests.m; sourceTree = "<group>"; };
		74CFBC2420B6F62E00850A27 /* Info.plist */ = {isa = PBXFileReference; lastKnownFileType = text.plist.xml; path = Info.plist; sourceTree = "<group>"; };
/* End PBXFileReference section */

/* Begin PBXFrameworksBuildPhase section */
		74CFBBF820B6F62D00850A27 /* Frameworks */ = {
			isa = PBXFrameworksBuildPhase;
			buildActionMask = 2147483647;
			files = (
			);
			runOnlyForDeploymentPostprocessing = 0;
		};
		74CFBC1020B6F62D00850A27 /* Frameworks */ = {
			isa = PBXFrameworksBuildPhase;
			buildActionMask = 2147483647;
			files = (
			);
			runOnlyForDeploymentPostprocessing = 0;
		};
		74CFBC1B20B6F62E00850A27 /* Frameworks */ = {
			isa = PBXFrameworksBuildPhase;
			buildActionMask = 2147483647;
			files = (
			);
			runOnlyForDeploymentPostprocessing = 0;
		};
/* End PBXFrameworksBuildPhase section */

/* Begin PBXGroup section */
		74CFBBF220B6F62D00850A27 = {
			isa = PBXGroup;
			children = (
				74CFBBFD20B6F62D00850A27 /* PlaylistCollection */,
				74CFBC1620B6F62D00850A27 /* PlaylistCollectionTests */,
				74CFBC2120B6F62E00850A27 /* PlaylistCollectionUITests */,
				74CFBBFC20B6F62D00850A27 /* Products */,
			);
			sourceTree = "<group>";
		};
		74CFBBFC20B6F62D00850A27 /* Products */ = {
			isa = PBXGroup;
			children = (
				74CFBBFB20B6F62D00850A27 /* PlaylistCollection.app */,
				74CFBC1320B6F62D00850A27 /* PlaylistCollectionTests.xctest */,
				74CFBC1E20B6F62E00850A27 /* PlaylistCollectionUITests.xctest */,
			);
			name = Products;
			sourceTree = "<group>";
		};
		74CFBBFD20B6F62D00850A27 /* PlaylistCollection */ = {
			isa = PBXGroup;
			children = (
				74CFBBFE20B6F62D00850A27 /* AppDelegate.h */,
				74CFBBFF20B6F62D00850A27 /* AppDelegate.m */,
				74CFBC0120B6F62D00850A27 /* ViewController.h */,
				74CFBC0220B6F62D00850A27 /* ViewController.m */,
				74CFBC0420B6F62D00850A27 /* Main.storyboard */,
				74CFBC0720B6F62D00850A27 /* Assets.xcassets */,
				74CFBC0920B6F62D00850A27 /* LaunchScreen.storyboard */,
				74CFBC0C20B6F62D00850A27 /* Info.plist */,
				74CFBC0D20B6F62D00850A27 /* main.m */,
			);
			path = PlaylistCollection;
			sourceTree = "<group>";
		};
		74CFBC1620B6F62D00850A27 /* PlaylistCollectionTests */ = {
			isa = PBXGroup;
			children = (
				74CFBC1720B6F62D00850A27 /* PlaylistCollectionTests.m */,
				74CFBC1920B6F62D00850A27 /* Info.plist */,
			);
			path = PlaylistCollectionTests;
			sourceTree = "<group>";
		};
		74CFBC2120B6F62E00850A27 /* PlaylistCollectionUITests */ = {
			isa = PBXGroup;
			children = (
				74CFBC2220B6F62E00850A27 /* PlaylistCollectionUITests.m */,
				74CFBC2420B6F62E00850A27 /* Info.plist */,
			);
			path = PlaylistCollectionUITests;
			sourceTree = "<group>";
		};
/* End PBXGroup section */

/* Begin PBXNativeTarget section */
		74CFBBFA20B6F62D00850A27 /* PlaylistCollection */ = {
			isa = PBXNativeTarget;
			buildConfigurationList = 74CFBC2720B6F62E00850A27 /* Build configuration list for PBXNativeTarget "PlaylistCollection" */;
			buildPhases = (
				74CFBBF720B6F62D00850A27 /* Sources */,
				74CFBBF820B6F62D00850A27 /* Frameworks */,
				74CFBBF920B6F62D00850A27 /* Resources */,
			);
			buildRules = (
			);
			dependencies = (
			);
			name = PlaylistCollection;
			productName = PlaylistCollection;
			productReference = 74CFBBFB20B6F62D00850A27 /* PlaylistCollection.app */;
			productType = "com.apple.product-type.application";
		};
		74CFBC1220B6F62D00850A27 /* PlaylistCollectionTests */ = {
			isa = PBXNativeTarget;
			buildConfigurationList = 74CFBC2A20B6F62E00850A27 /* Build configuration list for PBXNativeTarget "PlaylistCollectionTests" */;
			buildPhases = (
				74CFBC0F20B6F62D00850A27 /* Sources */,
				74CFBC1020B6F62D00850A27 /* Frameworks */,
				74CFBC1120B6F62D00850A27 /* Resources */,
			);
			buildRules = (
			);
			dependencies = (
				74CFBC1520B6F62D00850A27 /* PBXTargetDependency */,
			);
			name = PlaylistCollectionTests;
			productName = PlaylistCollectionTests;
			productReference = 74CFBC1320B6F62D00850A27 /* PlaylistCollectionTests.xctest */;
			productType = "com.apple.product-type.bundle.unit-test";
		};
		74CFBC1D20B6F62E00850A27 /* PlaylistCollectionUITests */ = {
			isa = PBXNativeTarget;
			buildConfigurationList = 74CFBC2D20B6F62E00850A27 /* Build configuration list for PBXNativeTarget "PlaylistCollectionUITests" */;
			buildPhases = (
				74CFBC1A20B6F62E00850A27 /* Sources */,
				74CFBC1B20B6F62E00850A27 /* Frameworks */,
				74CFBC1C20B6F62E00850A27 /* Resources */,
			);
			buildRules = (
			);
			dependencies = (
				74CFBC2020B6F62E00850A27 /* PBXTargetDependency */,
			);
			name = PlaylistCollectionUITests;
			productName = PlaylistCollectionUITests;
			productReference = 74CFBC1E20B6F62E00850A27 /* PlaylistCollectionUITests.xctest */;
			productType = "com.apple.product-type.bundle.ui-testing";
		};
/* End PBXNativeTarget section */

/* Begin PBXProject section */
		74CFBBF320B6F62D00850A27 /* Project object */ = {
			isa = PBXProject;
			attributes = {
				LastUpgradeCheck = 0910;
				ORGANIZATIONNAME = KaiTech;
				TargetAttributes = {
					74CFBBFA20B6F62D00850A27 = {
						CreatedOnToolsVersion = 9.1;
						ProvisioningStyle = Automatic;
					};
					74CFBC1220B6F62D00850A27 = {
						CreatedOnToolsVersion = 9.1;
						ProvisioningStyle = Automatic;
						TestTargetID = 74CFBBFA20B6F62D00850A27;
					};
					74CFBC1D20B6F62E00850A27 = {
						CreatedOnToolsVersion = 9.1;
						ProvisioningStyle = Automatic;
						TestTargetID = 74CFBBFA20B6F62D00850A27;
					};
				};
			};
			buildConfigurationList = 74CFBBF620B6F62D00850A27 /* Build configuration list for PBXProject "PlaylistCollection" */;
			compatibilityVersion = "Xcode 8.0";
			developmentRegion = en;
			hasScannedForEncodings = 0;
			knownRegions = (
				en,
				Base,
			);
			mainGroup = 74CFBBF220B6F62D00850A27;
			productRefGroup = 74CFBBFC20B6F62D00850A27 /* Products */;
			projectDirPath = "";
			projectRoot = "";
			targets = (
				74CFBBFA20B6F62D00850A27 /* PlaylistCollection */,
				74CFBC1220B6F62D00850A27 /* PlaylistCollectionTests */,
				74CFBC1D20B6F62E00850A27 /* PlaylistCollectionUITests */,
			);
		};
/* End PBXProject section */

/* Begin PBXResourcesBuildPhase section */
		74CFBBF920B6F62D00850A27 /* Resources */ = {
			isa = PBXResourcesBuildPhase;
			buildActionMask = 2147483647;
			files = (
				74CFBC0B20B6F62D00850A27 /* LaunchScreen.storyboard in Resources */,
				74CFBC0820B6F62D00850A27 /* Assets.xcassets in Resources */,
				74CFBC0620B6F62D00850A27 /* Main.storyboard in Resources */,
			);
			runOnlyForDeploymentPostprocessing = 0;
		};
		74CFBC1120B6F62D00850A27 /* Resources */ = {
			isa = PBXResourcesBuildPhase;
			buildActionMask = 2147483647;
			files = (
			);
			runOnlyForDeploymentPostprocessing = 0;
		};
		74CFBC1C20B6F62E00850A27 /* Resources */ = {
			isa = PBXResourcesBuildPhase;
			buildActionMask = 2147483647;
			files = (
			);
			runOnlyForDeploymentPostprocessing = 0;
		};
/* End PBXResourcesBuildPhase section */

/* Begin PBXSourcesBuildPhase section */
		74CFBBF720B6F62D00850A27 /* Sources */ = {
			isa = PBXSourcesBuildPhase;
			buildActionMask = 2147483647;
			files = (
				74CFBC0320B6F62D00850A27 /* ViewController.m in Sources */,
				74CFBC0E20B6F62D00850A27 /* main.m in Sources */,
				74CFBC0020B6F62D00850A27 /* AppDelegate.m in Sources */,
			);
			runOnlyForDeploymentPostprocessing = 0;
		};
		74CFBC0F20B6F62D00850A27 /* Sources */ = {
			isa = PBXSourcesBuildPhase;
			buildActionMask = 2147483647;
			files = (
				74CFBC1820B6F62D00850A27 /* PlaylistCollectionTests.m in Sources */,
			);
			runOnlyForDeploymentPostprocessing = 0;
		};
		74CFBC1A20B6F62E00850A27 /* Sources */ = {
			isa = PBXSourcesBuildPhase;
			buildActionMask = 2147483647;
			files = (
				74CFBC2320B6F62E00850A27 /* PlaylistCollectionUITests.m in Sources */,
			);
			runOnlyForDeploymentPostprocessing = 0;
		};
/* End PBXSourcesBuildPhase section */

/* Begin PBXTargetDependency section */
		74CFBC1520B6F62D00850A27 /* PBXTargetDependency */ = {
			isa = PBXTargetDependency;
			target = 74CFBBFA20B6F62D00850A27 /* PlaylistCollection */;
			targetProxy = 74CFBC1420B6F62D00850A27 /* PBXContainerItemProxy */;
		};
		74CFBC2020B6F62E00850A27 /* PBXTargetDependency */ = {
			isa = PBXTargetDependency;
			target = 74CFBBFA20B6F62D00850A27 /* PlaylistCollection */;
			targetProxy = 74CFBC1F20B6F62E00850A27 /* PBXContainerItemProxy */;
		};
/* End PBXTargetDependency section */

/* Begin PBXVariantGroup section */
		74CFBC0420B6F62D00850A27 /* Main.storyboard */ = {
			isa = PBXVariantGroup;
			children = (
				74CFBC0520B6F62D00850A27 /* Base */,
			);
			name = Main.storyboard;
			sourceTree = "<group>";
		};
		74CFBC0920B6F62D00850A27 /* LaunchScreen.storyboard */ = {
			isa = PBXVariantGroup;
			children = (
				74CFBC0A20B6F62D00850A27 /* Base */,
			);
			name = LaunchScreen.storyboard;
			sourceTree = "<group>";
		};
/* End PBXVariantGroup section */

/* Begin XCBuildConfiguration section */
		74CFBC2520B6F62E00850A27 /* Debug */ = {
			isa = XCBuildConfiguration;
			buildSettings = {
				ALWAYS_SEARCH_USER_PATHS = NO;
				CLANG_ANALYZER_NONNULL = YES;
				CLANG_ANALYZER_NUMBER_OBJECT_CONVERSION = YES_AGGRESSIVE;
				CLANG_CXX_LANGUAGE_STANDARD = "gnu++14";
				CLANG_CXX_LIBRARY = "libc++";
				CLANG_ENABLE_MODULES = YES;
				CLANG_ENABLE_OBJC_ARC = YES;
				CLANG_WARN_BLOCK_CAPTURE_AUTORELEASING = YES;
				CLANG_WARN_BOOL_CONVERSION = YES;
				CLANG_WARN_COMMA = YES;
				CLANG_WARN_CONSTANT_CONVERSION = YES;
				CLANG_WARN_DIRECT_OBJC_ISA_USAGE = YES_ERROR;
				CLANG_WARN_DOCUMENTATION_COMMENTS = YES;
				CLANG_WARN_EMPTY_BODY = YES;
				CLANG_WARN_ENUM_CONVERSION = YES;
				CLANG_WARN_INFINITE_RECURSION = YES;
				CLANG_WARN_INT_CONVERSION = YES;
				CLANG_WARN_NON_LITERAL_NULL_CONVERSION = YES;
				CLANG_WARN_OBJC_LITERAL_CONVERSION = YES;
				CLANG_WARN_OBJC_ROOT_CLASS = YES_ERROR;
				CLANG_WARN_RANGE_LOOP_ANALYSIS = YES;
				CLANG_WARN_STRICT_PROTOTYPES = YES;
				CLANG_WARN_SUSPICIOUS_MOVE = YES;
				CLANG_WARN_UNGUARDED_AVAILABILITY = YES_AGGRESSIVE;
				CLANG_WARN_UNREACHABLE_CODE = YES;
				CLANG_WARN__DUPLICATE_METHOD_MATCH = YES;
				CODE_SIGN_IDENTITY = "iPhone Developer";
				COPY_PHASE_STRIP = NO;
				DEBUG_INFORMATION_FORMAT = dwarf;
				ENABLE_STRICT_OBJC_MSGSEND = YES;
				ENABLE_TESTABILITY = YES;
				GCC_C_LANGUAGE_STANDARD = gnu11;
				GCC_DYNAMIC_NO_PIC = NO;
				GCC_NO_COMMON_BLOCKS = YES;
				GCC_OPTIMIZATION_LEVEL = 0;
				GCC_PREPROCESSOR_DEFINITIONS = (
					"DEBUG=1",
					"$(inherited)",
				);
				GCC_WARN_64_TO_32_BIT_CONVERSION = YES;
				GCC_WARN_ABOUT_RETURN_TYPE = YES_ERROR;
				GCC_WARN_UNDECLARED_SELECTOR = YES;
				GCC_WARN_UNINITIALIZED_AUTOS = YES_AGGRESSIVE;
				GCC_WARN_UNUSED_FUNCTION = YES;
				GCC_WARN_UNUSED_VARIABLE = YES;
				IPHONEOS_DEPLOYMENT_TARGET = 11.1;
				MTL_ENABLE_DEBUG_INFO = YES;
				ONLY_ACTIVE_ARCH = YES;
				SDKROOT = iphoneos;
			};
			name = Debug;
		};
		74CFBC2620B6F62E00850A27 /* Release */ = {
			isa = XCBuildConfiguration;
			buildSettings = {
				ALWAYS_SEARCH_USER_PATHS = NO;
				CLANG_ANALYZER_NONNULL = YES;
				CLANG_ANALYZER_NUMBER_OBJECT_CONVERSION = YES_AGGRESSIVE;
				CLANG_CXX_LANGUAGE_STANDARD = "gnu++14";
				CLANG_CXX_LIBRARY = "libc++";
				CLANG_ENABLE_MODULES = YES;
				CLANG_ENABLE_OBJC_ARC = YES;
				CLANG_WARN_BLOCK_CAPTURE_AUTORELEASING = YES;
				CLANG_WARN_BOOL_CONVERSION = YES;
				CLANG_WARN_COMMA = YES;
				CLANG_WARN_CONSTANT_CONVERSION = YES;
				CLANG_WARN_DIRECT_OBJC_ISA_USAGE = YES_ERROR;
				CLANG_WARN_DOCUMENTATION_COMMENTS = YES;
				CLANG_WARN_EMPTY_BODY = YES;
				CLANG_WARN_ENUM_CONVERSION = YES;
				CLANG_WARN_INFINITE_RECURSION = YES;
				CLANG_WARN_INT_CONVERSION = YES;
				CLANG_WARN_NON_LITERAL_NULL_CONVERSION = YES;
				CLANG_WARN_OBJC_LITERAL_CONVERSION = YES;
				CLANG_WARN_OBJC_ROOT_CLASS = YES_ERROR;
				CLANG_WARN_RANGE_LOOP_ANALYSIS = YES;
				CLANG_WARN_STRICT_PROTOTYPES = YES;
				CLANG_WARN_SUSPICIOUS_MOVE = YES;
				CLANG_WARN_UNGUARDED_AVAILABILITY = YES_AGGRESSIVE;
				CLANG_WARN_UNREACHABLE_CODE = YES;
				CLANG_WARN__DUPLICATE_METHOD_MATCH = YES;
				CODE_SIGN_IDENTITY = "iPhone Developer";
				COPY_PHASE_STRIP = NO;
				DEBUG_INFORMATION_FORMAT = "dwarf-with-dsym";
				ENABLE_NS_ASSERTIONS = NO;
				ENABLE_STRICT_OBJC_MSGSEND = YES;
				GCC_C_LANGUAGE_STANDARD = gnu11;
				GCC_NO_COMMON_BLOCKS = YES;
				GCC_WARN_64_TO_32_BIT_CONVERSION = YES;
				GCC_WARN_ABOUT_RETURN_TYPE = YES_ERROR;
				GCC_WARN_UNDECLARED_SELECTOR = YES;
				GCC_WARN_UNINITIALIZED_AUTOS = YES_AGGRESSIVE;
				GCC_WARN_UNUSED_FUNCTION = YES;
				GCC_WARN_UNUSED_VARIABLE = YES;
				IPHONEOS_DEPLOYMENT_TARGET = 11.1;
				MTL_ENABLE_DEBUG_INFO = NO;
				SDKROOT = iphoneos;
				VALIDATE_PRODUCT = YES;
			};
			name = Release;
		};
		74CFBC2820B6F62E00850A27 /* Debug */ = {
			isa = XCBuildConfiguration;
			buildSettings = {
				ASSETCATALOG_COMPILER_APPICON_NAME = AppIcon;
				CODE_SIGN_STYLE = Automatic;
				INFOPLIST_FILE = PlaylistCollection/Info.plist;
				LD_RUNPATH_SEARCH_PATHS = "$(inherited) @executable_path/Frameworks";
				PRODUCT_BUNDLE_IDENTIFIER = com.teamtreehouse.PlaylistCollection;
				PRODUCT_NAME = "$(TARGET_NAME)";
				TARGETED_DEVICE_FAMILY = "1,2";
			};
			name = Debug;
		};
		74CFBC2920B6F62E00850A27 /* Release */ = {
			isa = XCBuildConfiguration;
			buildSettings = {
				ASSETCATALOG_COMPILER_APPICON_NAME = AppIcon;
				CODE_SIGN_STYLE = Automatic;
				INFOPLIST_FILE = PlaylistCollection/Info.plist;
				LD_RUNPATH_SEARCH_PATHS = "$(inherited) @executable_path/Frameworks";
				PRODUCT_BUNDLE_IDENTIFIER = com.teamtreehouse.PlaylistCollection;
				PRODUCT_NAME = "$(TARGET_NAME)";
				TARGETED_DEVICE_FAMILY = "1,2";
			};
			name = Release;
		};
		74CFBC2B20B6F62E00850A27 /* Debug */ = {
			isa = XCBuildConfiguration;
			buildSettings = {
				BUNDLE_LOADER = "$(TEST_HOST)";
				CODE_SIGN_STYLE = Automatic;
				INFOPLIST_FILE = PlaylistCollectionTests/Info.plist;
				LD_RUNPATH_SEARCH_PATHS = "$(inherited) @executable_path/Frameworks @loader_path/Frameworks";
				PRODUCT_BUNDLE_IDENTIFIER = com.teamtreehouse.PlaylistCollectionTests;
				PRODUCT_NAME = "$(TARGET_NAME)";
				TARGETED_DEVICE_FAMILY = "1,2";
				TEST_HOST = "$(BUILT_PRODUCTS_DIR)/PlaylistCollection.app/PlaylistCollection";
			};
			name = Debug;
		};
		74CFBC2C20B6F62E00850A27 /* Release */ = {
			isa = XCBuildConfiguration;
			buildSettings = {
				BUNDLE_LOADER = "$(TEST_HOST)";
				CODE_SIGN_STYLE = Automatic;
				INFOPLIST_FILE = PlaylistCollectionTests/Info.plist;
				LD_RUNPATH_SEARCH_PATHS = "$(inherited) @executable_path/Frameworks @loader_path/Frameworks";
				PRODUCT_BUNDLE_IDENTIFIER = com.teamtreehouse.PlaylistCollectionTests;
				PRODUCT_NAME = "$(TARGET_NAME)";
				TARGETED_DEVICE_FAMILY = "1,2";
				TEST_HOST = "$(BUILT_PRODUCTS_DIR)/PlaylistCollection.app/PlaylistCollection";
			};
			name = Release;
		};
		74CFBC2E20B6F62E00850A27 /* Debug */ = {
			isa = XCBuildConfiguration;
			buildSettings = {
				CODE_SIGN_STYLE = Automatic;
				INFOPLIST_FILE = PlaylistCollectionUITests/Info.plist;
				LD_RUNPATH_SEARCH_PATHS = "$(inherited) @executable_path/Frameworks @loader_path/Frameworks";
				PRODUCT_BUNDLE_IDENTIFIER = com.teamtreehouse.PlaylistCollectionUITests;
				PRODUCT_NAME = "$(TARGET_NAME)";
				TARGETED_DEVICE_FAMILY = "1,2";
				TEST_TARGET_NAME = PlaylistCollection;
			};
			name = Debug;
		};
		74CFBC2F20B6F62E00850A27 /* Release */ = {
			isa = XCBuildConfiguration;
			buildSettings = {
				CODE_SIGN_STYLE = Automatic;
				INFOPLIST_FILE = PlaylistCollectionUITests/Info.plist;
				LD_RUNPATH_SEARCH_PATHS = "$(inherited) @executable_path/Frameworks @loader_path/Frameworks";
				PRODUCT_BUNDLE_IDENTIFIER = com.teamtreehouse.PlaylistCollectionUITests;
				PRODUCT_NAME = "$(TARGET_NAME)";
				TARGETED_DEVICE_FAMILY = "1,2";
				TEST_TARGET_NAME = PlaylistCollection;
			};
			name = Release;
		};
/* End XCBuildConfiguration section */

/* Begin XCConfigurationList section */
		74CFBBF620B6F62D00850A27 /* Build configuration list for PBXProject "PlaylistCollection" */ = {
			isa = XCConfigurationList;
			buildConfigurations = (
				74CFBC2520B6F62E00850A27 /* Debug */,
				74CFBC2620B6F62E00850A27 /* Release */,
			);
			defaultConfigurationIsVisible = 0;
			defaultConfigurationName = Release;
		};
		74CFBC2720B6F62E00850A27 /* Build configuration list for PBXNativeTarget "PlaylistCollection" */ = {
			isa = XCConfigurationList;
			buildConfigurations = (
				74CFBC2820B6F62E00850A27 /* Debug */,
				74CFBC2920B6F62E00850A27 /* Release */,
			);
			defaultConfigurationIsVisible = 0;
			defaultConfigurationName = Release;
		};
		74CFBC2A20B6F62E00850A27 /* Build configuration list for PBXNativeTarget "PlaylistCollectionTests" */ = {
			isa = XCConfigurationList;
			buildConfigurations = (
				74CFBC2B20B6F62E00850A27 /* Debug */,
				74CFBC2C20B6F62E00850A27 /* Release */,
			);
			defaultConfigurationIsVisible = 0;
			defaultConfigurationName = Release;
		};
		74CFBC2D20B6F62E00850A27 /* Build configuration list for PBXNativeTarget "PlaylistCollectionUITests" */ = {
			isa = XCConfigurationList;
			buildConfigurations = (
				74CFBC2E20B6F62E00850A27 /* Debug */,
				74CFBC2F20B6F62E00850A27 /* Release */,
			);
			defaultConfigurationIsVisible = 0;
			defaultConfigurationName = Release;
		};
/* End XCConfigurationList section */
	};
	rootObject = 74CFBBF320B6F62D00850A27 /* Project object */;
}
